
Microsoft Visual Studio Solution File, Format Version 12.00
# Visual Studio Version 17
VisualStudioVersion = 17.11.35312.102
MinimumVisualStudioVersion = 10.0.40219.1
Project("{FAE04EC0-301F-11D3-BF4B-00C04F79EFBC}") = "1 - Single Responsibility Principle (SRP)", "1 - Single Responsibility Principle (SRP).csproj", "{14F3FB40-8844-4915-9E86-7EA03C0F25EE}"
EndProject
Global
	GlobalSection(SolutionConfigurationPlatforms) = preSolution
		Debug|Any CPU = Debug|Any CPU
		Release|Any CPU = Release|Any CPU
	EndGlobalSection
	GlobalSection(ProjectConfigurationPlatforms) = postSolution
		{14F3FB40-8844-4915-9E86-7EA03C0F25EE}.Debug|Any CPU.ActiveCfg = Debug|Any CPU
		{14F3FB40-8844-4915-9E86-7EA03C0F25EE}.Debug|Any CPU.Build.0 = Debug|Any CPU
		{14F3FB40-8844-4915-9E86-7EA03C0F25EE}.Release|Any CPU.ActiveCfg = Release|Any CPU
		{14F3FB40-8844-4915-9E86-7EA03C0F25EE}.Release|Any CPU.Build.0 = Release|Any CPU
	EndGlobalSection
	GlobalSection(SolutionProperties) = preSolution
		HideSolutionNode = FALSE
	EndGlobalSection
	GlobalSection(ExtensibilityGlobals) = postSolution
		SolutionGuid = {D412C40F-31B1-4B07-B796-7271665A3ADF}
	EndGlobalSection
EndGlobal
